// !$*UTF8*$!
{
	archiveVersion = 1;
	classes = {
	};
	objectVersion = 56;
	objects = {

/* Begin PBXBuildFile section */
		D36AE0B12AEA7093000491E8 /* AppDelegate.swift in Sources */ = {isa = PBXBuildFile; fileRef = D36AE0B02AEA7093000491E8 /* AppDelegate.swift */; };
		D36AE0B32AEA7093000491E8 /* SceneDelegate.swift in Sources */ = {isa = PBXBuildFile; fileRef = D36AE0B22AEA7093000491E8 /* SceneDelegate.swift */; };
		D36AE0BB2AEA7093000491E8 /* LanguageApp.xcdatamodeld in Sources */ = {isa = PBXBuildFile; fileRef = D36AE0B92AEA7093000491E8 /* LanguageApp.xcdatamodeld */; };
		D36AE0BD2AEA7094000491E8 /* Assets.xcassets in Resources */ = {isa = PBXBuildFile; fileRef = D36AE0BC2AEA7094000491E8 /* Assets.xcassets */; };
		D36AE0C02AEA7094000491E8 /* LaunchScreen.storyboard in Resources */ = {isa = PBXBuildFile; fileRef = D36AE0BE2AEA7094000491E8 /* LaunchScreen.storyboard */; };
		D36AE0CB2AEA7094000491E8 /* LanguageAppTests.swift in Sources */ = {isa = PBXBuildFile; fileRef = D36AE0CA2AEA7094000491E8 /* LanguageAppTests.swift */; };
		D36AE0D52AEA7094000491E8 /* LanguageAppUITests.swift in Sources */ = {isa = PBXBuildFile; fileRef = D36AE0D42AEA7094000491E8 /* LanguageAppUITests.swift */; };
		D36AE0D72AEA7094000491E8 /* LanguageAppUITestsLaunchTests.swift in Sources */ = {isa = PBXBuildFile; fileRef = D36AE0D62AEA7094000491E8 /* LanguageAppUITestsLaunchTests.swift */; };
		D3F14BCC2AEE81F7007EADB7 /* LanguagetoLearnViewController.swift in Sources */ = {isa = PBXBuildFile; fileRef = D3F14BCB2AEE81F7007EADB7 /* LanguagetoLearnViewController.swift */; };
		E42E28EE2AED1ED100246A31 /* StoriesCell.swift in Sources */ = {isa = PBXBuildFile; fileRef = E42E28ED2AED1ED100246A31 /* StoriesCell.swift */; };
		E42E28F42AED25C600246A31 /* StoryViewController.swift in Sources */ = {isa = PBXBuildFile; fileRef = E42E28F32AED25C600246A31 /* StoryViewController.swift */; };
		E4706AB82AEA7263000BB639 /* HomeViewController.swift in Sources */ = {isa = PBXBuildFile; fileRef = E4706AB72AEA7263000BB639 /* HomeViewController.swift */; };
		E4706ABD2AEA7386000BB639 /* HomeViewModel.swift in Sources */ = {isa = PBXBuildFile; fileRef = E4706ABC2AEA7386000BB639 /* HomeViewModel.swift */; };
		E4706ABF2AEA7700000BB639 /* LoginViewController.swift in Sources */ = {isa = PBXBuildFile; fileRef = E4706ABE2AEA7700000BB639 /* LoginViewController.swift */; };
		E4706AC22AEA7723000BB639 /* SignupViewController.swift in Sources */ = {isa = PBXBuildFile; fileRef = E4706AC12AEA7723000BB639 /* SignupViewController.swift */; };
		E4706AC42AEA773C000BB639 /* ForgotPasswordViewController.swift in Sources */ = {isa = PBXBuildFile; fileRef = E4706AC32AEA773C000BB639 /* ForgotPasswordViewController.swift */; };
		E4706AC62AEA7810000BB639 /* AddDivider+Extension.swift in Sources */ = {isa = PBXBuildFile; fileRef = E4706AC52AEA7810000BB639 /* AddDivider+Extension.swift */; };
		E4706AC82AEA79D4000BB639 /* language.json in Resources */ = {isa = PBXBuildFile; fileRef = E4706AC72AEA79D4000BB639 /* language.json */; };
		E4706ACA2AEA7ADD000BB639 /* NativeLanguageViewController.swift in Sources */ = {isa = PBXBuildFile; fileRef = E4706AC92AEA7ADD000BB639 /* NativeLanguageViewController.swift */; };
		E4B44EA32AEBEB5A0038CAA4 /* ReadingViewController.swift in Sources */ = {isa = PBXBuildFile; fileRef = E4B44EA22AEBEB5A0038CAA4 /* ReadingViewController.swift */; };
		E4B44EA52AEBEB750038CAA4 /* ShuffleViewController.swift in Sources */ = {isa = PBXBuildFile; fileRef = E4B44EA42AEBEB750038CAA4 /* ShuffleViewController.swift */; };
		E4B44EA72AEBEB8A0038CAA4 /* WritingViewController.swift in Sources */ = {isa = PBXBuildFile; fileRef = E4B44EA62AEBEB8A0038CAA4 /* WritingViewController.swift */; };
		E4B44EA92AEBF4F70038CAA4 /* ListeningViewController.swift in Sources */ = {isa = PBXBuildFile; fileRef = E4B44EA82AEBF4F70038CAA4 /* ListeningViewController.swift */; };
		E4B44EAB2AEBF5060038CAA4 /* SentencesViewController.swift in Sources */ = {isa = PBXBuildFile; fileRef = E4B44EAA2AEBF5060038CAA4 /* SentencesViewController.swift */; };
		E4B44EAF2AEBF7830038CAA4 /* SettingsViewController.swift in Sources */ = {isa = PBXBuildFile; fileRef = E4B44EAE2AEBF7830038CAA4 /* SettingsViewController.swift */; };
		E4BA47FF2AEAEA9D00DDF83A /* SelectTopicViewController.swift in Sources */ = {isa = PBXBuildFile; fileRef = E4BA47FE2AEAEA9D00DDF83A /* SelectTopicViewController.swift */; };
		E4BA48012AEAEB3200DDF83A /* TopicView.swift in Sources */ = {isa = PBXBuildFile; fileRef = E4BA48002AEAEB3200DDF83A /* TopicView.swift */; };
		E4D44F292AEACB2200DE2534 /* UIHelper.swift in Sources */ = {isa = PBXBuildFile; fileRef = E4D44F282AEACB2200DE2534 /* UIHelper.swift */; };
		E4D44F2B2AEACC7A00DE2534 /* HomeCell.swift in Sources */ = {isa = PBXBuildFile; fileRef = E4D44F2A2AEACC7A00DE2534 /* HomeCell.swift */; };
/* End PBXBuildFile section */

/* Begin PBXContainerItemProxy section */
		D36AE0C72AEA7094000491E8 /* PBXContainerItemProxy */ = {
			isa = PBXContainerItemProxy;
			containerPortal = D36AE0A52AEA7093000491E8 /* Project object */;
			proxyType = 1;
			remoteGlobalIDString = D36AE0AC2AEA7093000491E8;
			remoteInfo = LanguageApp;
		};
		D36AE0D12AEA7094000491E8 /* PBXContainerItemProxy */ = {
			isa = PBXContainerItemProxy;
			containerPortal = D36AE0A52AEA7093000491E8 /* Project object */;
			proxyType = 1;
			remoteGlobalIDString = D36AE0AC2AEA7093000491E8;
			remoteInfo = LanguageApp;
		};
/* End PBXContainerItemProxy section */

/* Begin PBXFileReference section */
		D36AE0AD2AEA7093000491E8 /* LanguageApp.app */ = {isa = PBXFileReference; explicitFileType = wrapper.application; includeInIndex = 0; path = LanguageApp.app; sourceTree = BUILT_PRODUCTS_DIR; };
		D36AE0B02AEA7093000491E8 /* AppDelegate.swift */ = {isa = PBXFileReference; lastKnownFileType = sourcecode.swift; path = AppDelegate.swift; sourceTree = "<group>"; };
		D36AE0B22AEA7093000491E8 /* SceneDelegate.swift */ = {isa = PBXFileReference; lastKnownFileType = sourcecode.swift; path = SceneDelegate.swift; sourceTree = "<group>"; };
		D36AE0BA2AEA7093000491E8 /* LanguageApp.xcdatamodel */ = {isa = PBXFileReference; lastKnownFileType = wrapper.xcdatamodel; path = LanguageApp.xcdatamodel; sourceTree = "<group>"; };
		D36AE0BC2AEA7094000491E8 /* Assets.xcassets */ = {isa = PBXFileReference; lastKnownFileType = folder.assetcatalog; path = Assets.xcassets; sourceTree = "<group>"; };
		D36AE0BF2AEA7094000491E8 /* Base */ = {isa = PBXFileReference; lastKnownFileType = file.storyboard; name = Base; path = Base.lproj/LaunchScreen.storyboard; sourceTree = "<group>"; };
		D36AE0C12AEA7094000491E8 /* Info.plist */ = {isa = PBXFileReference; lastKnownFileType = text.plist.xml; path = Info.plist; sourceTree = "<group>"; };
		D36AE0C62AEA7094000491E8 /* LanguageAppTests.xctest */ = {isa = PBXFileReference; explicitFileType = wrapper.cfbundle; includeInIndex = 0; path = LanguageAppTests.xctest; sourceTree = BUILT_PRODUCTS_DIR; };
		D36AE0CA2AEA7094000491E8 /* LanguageAppTests.swift */ = {isa = PBXFileReference; lastKnownFileType = sourcecode.swift; path = LanguageAppTests.swift; sourceTree = "<group>"; };
		D36AE0D02AEA7094000491E8 /* LanguageAppUITests.xctest */ = {isa = PBXFileReference; explicitFileType = wrapper.cfbundle; includeInIndex = 0; path = LanguageAppUITests.xctest; sourceTree = BUILT_PRODUCTS_DIR; };
		D36AE0D42AEA7094000491E8 /* LanguageAppUITests.swift */ = {isa = PBXFileReference; lastKnownFileType = sourcecode.swift; path = LanguageAppUITests.swift; sourceTree = "<group>"; };
		D36AE0D62AEA7094000491E8 /* LanguageAppUITestsLaunchTests.swift */ = {isa = PBXFileReference; lastKnownFileType = sourcecode.swift; path = LanguageAppUITestsLaunchTests.swift; sourceTree = "<group>"; };
		D3F14BCB2AEE81F7007EADB7 /* LanguagetoLearnViewController.swift */ = {isa = PBXFileReference; lastKnownFileType = sourcecode.swift; path = LanguagetoLearnViewController.swift; sourceTree = "<group>"; };
		E42E28ED2AED1ED100246A31 /* StoriesCell.swift */ = {isa = PBXFileReference; lastKnownFileType = sourcecode.swift; path = StoriesCell.swift; sourceTree = "<group>"; };
		E42E28F32AED25C600246A31 /* StoryViewController.swift */ = {isa = PBXFileReference; lastKnownFileType = sourcecode.swift; path = StoryViewController.swift; sourceTree = "<group>"; };
		E4706AB72AEA7263000BB639 /* HomeViewController.swift */ = {isa = PBXFileReference; lastKnownFileType = sourcecode.swift; path = HomeViewController.swift; sourceTree = "<group>"; };
		E4706ABC2AEA7386000BB639 /* HomeViewModel.swift */ = {isa = PBXFileReference; lastKnownFileType = sourcecode.swift; path = HomeViewModel.swift; sourceTree = "<group>"; };
		E4706ABE2AEA7700000BB639 /* LoginViewController.swift */ = {isa = PBXFileReference; lastKnownFileType = sourcecode.swift; path = LoginViewController.swift; sourceTree = "<group>"; };
		E4706AC12AEA7723000BB639 /* SignupViewController.swift */ = {isa = PBXFileReference; lastKnownFileType = sourcecode.swift; path = SignupViewController.swift; sourceTree = "<group>"; };
		E4706AC32AEA773C000BB639 /* ForgotPasswordViewController.swift */ = {isa = PBXFileReference; lastKnownFileType = sourcecode.swift; path = ForgotPasswordViewController.swift; sourceTree = "<group>"; };
		E4706AC52AEA7810000BB639 /* AddDivider+Extension.swift */ = {isa = PBXFileReference; lastKnownFileType = sourcecode.swift; path = "AddDivider+Extension.swift"; sourceTree = "<group>"; };
		E4706AC72AEA79D4000BB639 /* language.json */ = {isa = PBXFileReference; lastKnownFileType = text.json; path = language.json; sourceTree = "<group>"; };
		E4706AC92AEA7ADD000BB639 /* NativeLanguageViewController.swift */ = {isa = PBXFileReference; lastKnownFileType = sourcecode.swift; path = NativeLanguageViewController.swift; sourceTree = "<group>"; };
		E4B44EA22AEBEB5A0038CAA4 /* ReadingViewController.swift */ = {isa = PBXFileReference; lastKnownFileType = sourcecode.swift; path = ReadingViewController.swift; sourceTree = "<group>"; };
		E4B44EA42AEBEB750038CAA4 /* ShuffleViewController.swift */ = {isa = PBXFileReference; lastKnownFileType = sourcecode.swift; path = ShuffleViewController.swift; sourceTree = "<group>"; };
		E4B44EA62AEBEB8A0038CAA4 /* WritingViewController.swift */ = {isa = PBXFileReference; lastKnownFileType = sourcecode.swift; path = WritingViewController.swift; sourceTree = "<group>"; };
		E4B44EA82AEBF4F70038CAA4 /* ListeningViewController.swift */ = {isa = PBXFileReference; lastKnownFileType = sourcecode.swift; path = ListeningViewController.swift; sourceTree = "<group>"; };
		E4B44EAA2AEBF5060038CAA4 /* SentencesViewController.swift */ = {isa = PBXFileReference; lastKnownFileType = sourcecode.swift; path = SentencesViewController.swift; sourceTree = "<group>"; };
		E4B44EAE2AEBF7830038CAA4 /* SettingsViewController.swift */ = {isa = PBXFileReference; lastKnownFileType = sourcecode.swift; path = SettingsViewController.swift; sourceTree = "<group>"; };
		E4BA47FE2AEAEA9D00DDF83A /* SelectTopicViewController.swift */ = {isa = PBXFileReference; lastKnownFileType = sourcecode.swift; path = SelectTopicViewController.swift; sourceTree = "<group>"; };
		E4BA48002AEAEB3200DDF83A /* TopicView.swift */ = {isa = PBXFileReference; lastKnownFileType = sourcecode.swift; path = TopicView.swift; sourceTree = "<group>"; };
		E4D44F282AEACB2200DE2534 /* UIHelper.swift */ = {isa = PBXFileReference; lastKnownFileType = sourcecode.swift; path = UIHelper.swift; sourceTree = "<group>"; };
		E4D44F2A2AEACC7A00DE2534 /* HomeCell.swift */ = {isa = PBXFileReference; lastKnownFileType = sourcecode.swift; path = HomeCell.swift; sourceTree = "<group>"; };
/* End PBXFileReference section */

/* Begin PBXFrameworksBuildPhase section */
		D36AE0AA2AEA7093000491E8 /* Frameworks */ = {
			isa = PBXFrameworksBuildPhase;
			buildActionMask = 2147483647;
			files = (
			);
			runOnlyForDeploymentPostprocessing = 0;
		};
		D36AE0C32AEA7094000491E8 /* Frameworks */ = {
			isa = PBXFrameworksBuildPhase;
			buildActionMask = 2147483647;
			files = (
			);
			runOnlyForDeploymentPostprocessing = 0;
		};
		D36AE0CD2AEA7094000491E8 /* Frameworks */ = {
			isa = PBXFrameworksBuildPhase;
			buildActionMask = 2147483647;
			files = (
			);
			runOnlyForDeploymentPostprocessing = 0;
		};
/* End PBXFrameworksBuildPhase section */

/* Begin PBXGroup section */
		D36AE0A42AEA7093000491E8 = {
			isa = PBXGroup;
			children = (
				D36AE0AF2AEA7093000491E8 /* LanguageApp */,
				D36AE0C92AEA7094000491E8 /* LanguageAppTests */,
				D36AE0D32AEA7094000491E8 /* LanguageAppUITests */,
				D36AE0AE2AEA7093000491E8 /* Products */,
			);
			sourceTree = "<group>";
		};
		D36AE0AE2AEA7093000491E8 /* Products */ = {
			isa = PBXGroup;
			children = (
				D36AE0AD2AEA7093000491E8 /* LanguageApp.app */,
				D36AE0C62AEA7094000491E8 /* LanguageAppTests.xctest */,
				D36AE0D02AEA7094000491E8 /* LanguageAppUITests.xctest */,
			);
			name = Products;
			sourceTree = "<group>";
		};
		D36AE0AF2AEA7093000491E8 /* LanguageApp */ = {
			isa = PBXGroup;
			children = (
				E4706AB52AEA7218000BB639 /* Utilities */,
				E4706ABB2AEA72BB000BB639 /* Models */,
				E4706ABA2AEA729B000BB639 /* ViewModels */,
				E4706AB92AEA726B000BB639 /* Controllers */,
				E4706AB62AEA7227000BB639 /* Cells */,
				E4706AB42AEA71D4000BB639 /* Support Files */,
				E4706AC72AEA79D4000BB639 /* language.json */,
			);
			path = LanguageApp;
			sourceTree = "<group>";
		};
		D36AE0C92AEA7094000491E8 /* LanguageAppTests */ = {
			isa = PBXGroup;
			children = (
				D36AE0CA2AEA7094000491E8 /* LanguageAppTests.swift */,
			);
			path = LanguageAppTests;
			sourceTree = "<group>";
		};
		D36AE0D32AEA7094000491E8 /* LanguageAppUITests */ = {
			isa = PBXGroup;
			children = (
				D36AE0D42AEA7094000491E8 /* LanguageAppUITests.swift */,
				D36AE0D62AEA7094000491E8 /* LanguageAppUITestsLaunchTests.swift */,
			);
			path = LanguageAppUITests;
			sourceTree = "<group>";
		};
		E42E28EF2AED236500246A31 /* Topics */ = {
			isa = PBXGroup;
			children = (
				E42E28F52AED25D500246A31 /* Stories */,
				E4B44EA62AEBEB8A0038CAA4 /* WritingViewController.swift */,
				E4B44EA42AEBEB750038CAA4 /* ShuffleViewController.swift */,
				E4B44EA82AEBF4F70038CAA4 /* ListeningViewController.swift */,
				E4B44EAA2AEBF5060038CAA4 /* SentencesViewController.swift */,
			);
			name = Topics;
			sourceTree = "<group>";
		};
		E42E28F02AED239800246A31 /* Settings */ = {
			isa = PBXGroup;
			children = (
				E4B44EAE2AEBF7830038CAA4 /* SettingsViewController.swift */,
			);
			name = Settings;
			sourceTree = "<group>";
		};
		E42E28F12AED23CB00246A31 /* Mains */ = {
			isa = PBXGroup;
			children = (
				E4706AC92AEA7ADD000BB639 /* NativeLanguageViewController.swift */,
				D3F14BCB2AEE81F7007EADB7 /* LanguagetoLearnViewController.swift */,
				E4706AB72AEA7263000BB639 /* HomeViewController.swift */,
				E4BA47FE2AEAEA9D00DDF83A /* SelectTopicViewController.swift */,
			);
			name = Mains;
			sourceTree = "<group>";
		};
		E42E28F22AED241500246A31 /* Onboarding */ = {
			isa = PBXGroup;
			children = (
			);
			name = Onboarding;
			sourceTree = "<group>";
		};
		E42E28F52AED25D500246A31 /* Stories */ = {
			isa = PBXGroup;
			children = (
				E4B44EA22AEBEB5A0038CAA4 /* ReadingViewController.swift */,
				E42E28F32AED25C600246A31 /* StoryViewController.swift */,
			);
			name = Stories;
			sourceTree = "<group>";
		};
		E4706AB42AEA71D4000BB639 /* Support Files */ = {
			isa = PBXGroup;
			children = (
				D36AE0B02AEA7093000491E8 /* AppDelegate.swift */,
				D36AE0B22AEA7093000491E8 /* SceneDelegate.swift */,
				D36AE0BC2AEA7094000491E8 /* Assets.xcassets */,
				D36AE0BE2AEA7094000491E8 /* LaunchScreen.storyboard */,
				D36AE0C12AEA7094000491E8 /* Info.plist */,
				D36AE0B92AEA7093000491E8 /* LanguageApp.xcdatamodeld */,
			);
			name = "Support Files";
			sourceTree = "<group>";
		};
		E4706AB52AEA7218000BB639 /* Utilities */ = {
			isa = PBXGroup;
			children = (
				E4706AC52AEA7810000BB639 /* AddDivider+Extension.swift */,
				E4D44F282AEACB2200DE2534 /* UIHelper.swift */,
			);
			name = Utilities;
			sourceTree = "<group>";
		};
		E4706AB62AEA7227000BB639 /* Cells */ = {
			isa = PBXGroup;
			children = (
				E4D44F2A2AEACC7A00DE2534 /* HomeCell.swift */,
				E4BA48002AEAEB3200DDF83A /* TopicView.swift */,
				E42E28ED2AED1ED100246A31 /* StoriesCell.swift */,
			);
			name = Cells;
			sourceTree = "<group>";
		};
		E4706AB92AEA726B000BB639 /* Controllers */ = {
			isa = PBXGroup;
			children = (
				E42E28F22AED241500246A31 /* Onboarding */,
				E4706AC02AEA770C000BB639 /* Logins */,
				E42E28F12AED23CB00246A31 /* Mains */,
				E42E28EF2AED236500246A31 /* Topics */,
				E42E28F02AED239800246A31 /* Settings */,
			);
			name = Controllers;
			sourceTree = "<group>";
		};
		E4706ABA2AEA729B000BB639 /* ViewModels */ = {
			isa = PBXGroup;
			children = (
				E4706ABC2AEA7386000BB639 /* HomeViewModel.swift */,
			);
			name = ViewModels;
			sourceTree = "<group>";
		};
		E4706ABB2AEA72BB000BB639 /* Models */ = {
			isa = PBXGroup;
			children = (
			);
			name = Models;
			sourceTree = "<group>";
		};
		E4706AC02AEA770C000BB639 /* Logins */ = {
			isa = PBXGroup;
			children = (
				E4706ABE2AEA7700000BB639 /* LoginViewController.swift */,
				E4706AC12AEA7723000BB639 /* SignupViewController.swift */,
				E4706AC32AEA773C000BB639 /* ForgotPasswordViewController.swift */,
			);
			name = Logins;
			sourceTree = "<group>";
		};
/* End PBXGroup section */

/* Begin PBXNativeTarget section */
		D36AE0AC2AEA7093000491E8 /* LanguageApp */ = {
			isa = PBXNativeTarget;
			buildConfigurationList = D36AE0DA2AEA7094000491E8 /* Build configuration list for PBXNativeTarget "LanguageApp" */;
			buildPhases = (
				D36AE0A92AEA7093000491E8 /* Sources */,
				D36AE0AA2AEA7093000491E8 /* Frameworks */,
				D36AE0AB2AEA7093000491E8 /* Resources */,
			);
			buildRules = (
			);
			dependencies = (
			);
			name = LanguageApp;
			productName = LanguageApp;
			productReference = D36AE0AD2AEA7093000491E8 /* LanguageApp.app */;
			productType = "com.apple.product-type.application";
		};
		D36AE0C52AEA7094000491E8 /* LanguageAppTests */ = {
			isa = PBXNativeTarget;
			buildConfigurationList = D36AE0DD2AEA7094000491E8 /* Build configuration list for PBXNativeTarget "LanguageAppTests" */;
			buildPhases = (
				D36AE0C22AEA7094000491E8 /* Sources */,
				D36AE0C32AEA7094000491E8 /* Frameworks */,
				D36AE0C42AEA7094000491E8 /* Resources */,
			);
			buildRules = (
			);
			dependencies = (
				D36AE0C82AEA7094000491E8 /* PBXTargetDependency */,
			);
			name = LanguageAppTests;
			productName = LanguageAppTests;
			productReference = D36AE0C62AEA7094000491E8 /* LanguageAppTests.xctest */;
			productType = "com.apple.product-type.bundle.unit-test";
		};
		D36AE0CF2AEA7094000491E8 /* LanguageAppUITests */ = {
			isa = PBXNativeTarget;
			buildConfigurationList = D36AE0E02AEA7094000491E8 /* Build configuration list for PBXNativeTarget "LanguageAppUITests" */;
			buildPhases = (
				D36AE0CC2AEA7094000491E8 /* Sources */,
				D36AE0CD2AEA7094000491E8 /* Frameworks */,
				D36AE0CE2AEA7094000491E8 /* Resources */,
			);
			buildRules = (
			);
			dependencies = (
				D36AE0D22AEA7094000491E8 /* PBXTargetDependency */,
			);
			name = LanguageAppUITests;
			productName = LanguageAppUITests;
			productReference = D36AE0D02AEA7094000491E8 /* LanguageAppUITests.xctest */;
			productType = "com.apple.product-type.bundle.ui-testing";
		};
/* End PBXNativeTarget section */

/* Begin PBXProject section */
		D36AE0A52AEA7093000491E8 /* Project object */ = {
			isa = PBXProject;
			attributes = {
				BuildIndependentTargetsInParallel = 1;
				LastSwiftUpdateCheck = 1500;
				LastUpgradeCheck = 1500;
				TargetAttributes = {
					D36AE0AC2AEA7093000491E8 = {
						CreatedOnToolsVersion = 15.0;
					};
					D36AE0C52AEA7094000491E8 = {
						CreatedOnToolsVersion = 15.0;
						TestTargetID = D36AE0AC2AEA7093000491E8;
					};
					D36AE0CF2AEA7094000491E8 = {
						CreatedOnToolsVersion = 15.0;
						TestTargetID = D36AE0AC2AEA7093000491E8;
					};
				};
			};
			buildConfigurationList = D36AE0A82AEA7093000491E8 /* Build configuration list for PBXProject "LanguageApp" */;
			compatibilityVersion = "Xcode 14.0";
			developmentRegion = en;
			hasScannedForEncodings = 0;
			knownRegions = (
				en,
				Base,
			);
			mainGroup = D36AE0A42AEA7093000491E8;
			productRefGroup = D36AE0AE2AEA7093000491E8 /* Products */;
			projectDirPath = "";
			projectRoot = "";
			targets = (
				D36AE0AC2AEA7093000491E8 /* LanguageApp */,
				D36AE0C52AEA7094000491E8 /* LanguageAppTests */,
				D36AE0CF2AEA7094000491E8 /* LanguageAppUITests */,
			);
		};
/* End PBXProject section */

/* Begin PBXResourcesBuildPhase section */
		D36AE0AB2AEA7093000491E8 /* Resources */ = {
			isa = PBXResourcesBuildPhase;
			buildActionMask = 2147483647;
			files = (
				D36AE0C02AEA7094000491E8 /* LaunchScreen.storyboard in Resources */,
				E4706AC82AEA79D4000BB639 /* language.json in Resources */,
				D36AE0BD2AEA7094000491E8 /* Assets.xcassets in Resources */,
			);
			runOnlyForDeploymentPostprocessing = 0;
		};
		D36AE0C42AEA7094000491E8 /* Resources */ = {
			isa = PBXResourcesBuildPhase;
			buildActionMask = 2147483647;
			files = (
			);
			runOnlyForDeploymentPostprocessing = 0;
		};
		D36AE0CE2AEA7094000491E8 /* Resources */ = {
			isa = PBXResourcesBuildPhase;
			buildActionMask = 2147483647;
			files = (
			);
			runOnlyForDeploymentPostprocessing = 0;
		};
/* End PBXResourcesBuildPhase section */

/* Begin PBXSourcesBuildPhase section */
		D36AE0A92AEA7093000491E8 /* Sources */ = {
			isa = PBXSourcesBuildPhase;
			buildActionMask = 2147483647;
			files = (
				E4706AC42AEA773C000BB639 /* ForgotPasswordViewController.swift in Sources */,
				E4706ABF2AEA7700000BB639 /* LoginViewController.swift in Sources */,
				E4B44EA52AEBEB750038CAA4 /* ShuffleViewController.swift in Sources */,
				E4B44EAF2AEBF7830038CAA4 /* SettingsViewController.swift in Sources */,
				E4B44EA32AEBEB5A0038CAA4 /* ReadingViewController.swift in Sources */,
				E4706AC22AEA7723000BB639 /* SignupViewController.swift in Sources */,
				E4BA47FF2AEAEA9D00DDF83A /* SelectTopicViewController.swift in Sources */,
				E4B44EA92AEBF4F70038CAA4 /* ListeningViewController.swift in Sources */,
				E42E28F42AED25C600246A31 /* StoryViewController.swift in Sources */,
				E4D44F292AEACB2200DE2534 /* UIHelper.swift in Sources */,
				E42E28EE2AED1ED100246A31 /* StoriesCell.swift in Sources */,
				D36AE0BB2AEA7093000491E8 /* LanguageApp.xcdatamodeld in Sources */,
				D36AE0B12AEA7093000491E8 /* AppDelegate.swift in Sources */,
				E4706ACA2AEA7ADD000BB639 /* NativeLanguageViewController.swift in Sources */,
				D36AE0B32AEA7093000491E8 /* SceneDelegate.swift in Sources */,
				E4706AC62AEA7810000BB639 /* AddDivider+Extension.swift in Sources */,
				D3F14BCC2AEE81F7007EADB7 /* LanguagetoLearnViewController.swift in Sources */,
				E4706ABD2AEA7386000BB639 /* HomeViewModel.swift in Sources */,
				E4D44F2B2AEACC7A00DE2534 /* HomeCell.swift in Sources */,
				E4BA48012AEAEB3200DDF83A /* TopicView.swift in Sources */,
				E4B44EA72AEBEB8A0038CAA4 /* WritingViewController.swift in Sources */,
				E4706AB82AEA7263000BB639 /* HomeViewController.swift in Sources */,
				E4B44EAB2AEBF5060038CAA4 /* SentencesViewController.swift in Sources */,
			);
			runOnlyForDeploymentPostprocessing = 0;
		};
		D36AE0C22AEA7094000491E8 /* Sources */ = {
			isa = PBXSourcesBuildPhase;
			buildActionMask = 2147483647;
			files = (
				D36AE0CB2AEA7094000491E8 /* LanguageAppTests.swift in Sources */,
			);
			runOnlyForDeploymentPostprocessing = 0;
		};
		D36AE0CC2AEA7094000491E8 /* Sources */ = {
			isa = PBXSourcesBuildPhase;
			buildActionMask = 2147483647;
			files = (
				D36AE0D72AEA7094000491E8 /* LanguageAppUITestsLaunchTests.swift in Sources */,
				D36AE0D52AEA7094000491E8 /* LanguageAppUITests.swift in Sources */,
			);
			runOnlyForDeploymentPostprocessing = 0;
		};
/* End PBXSourcesBuildPhase section */

/* Begin PBXTargetDependency section */
		D36AE0C82AEA7094000491E8 /* PBXTargetDependency */ = {
			isa = PBXTargetDependency;
			target = D36AE0AC2AEA7093000491E8 /* LanguageApp */;
			targetProxy = D36AE0C72AEA7094000491E8 /* PBXContainerItemProxy */;
		};
		D36AE0D22AEA7094000491E8 /* PBXTargetDependency */ = {
			isa = PBXTargetDependency;
			target = D36AE0AC2AEA7093000491E8 /* LanguageApp */;
			targetProxy = D36AE0D12AEA7094000491E8 /* PBXContainerItemProxy */;
		};
/* End PBXTargetDependency section */

/* Begin PBXVariantGroup section */
		D36AE0BE2AEA7094000491E8 /* LaunchScreen.storyboard */ = {
			isa = PBXVariantGroup;
			children = (
				D36AE0BF2AEA7094000491E8 /* Base */,
			);
			name = LaunchScreen.storyboard;
			sourceTree = "<group>";
		};
/* End PBXVariantGroup section */

/* Begin XCBuildConfiguration section */
		D36AE0D82AEA7094000491E8 /* Debug */ = {
			isa = XCBuildConfiguration;
			buildSettings = {
				ALWAYS_SEARCH_USER_PATHS = NO;
				ASSETCATALOG_COMPILER_GENERATE_SWIFT_ASSET_SYMBOL_EXTENSIONS = YES;
				CLANG_ANALYZER_NONNULL = YES;
				CLANG_ANALYZER_NUMBER_OBJECT_CONVERSION = YES_AGGRESSIVE;
				CLANG_CXX_LANGUAGE_STANDARD = "gnu++20";
				CLANG_ENABLE_MODULES = YES;
				CLANG_ENABLE_OBJC_ARC = YES;
				CLANG_ENABLE_OBJC_WEAK = YES;
				CLANG_WARN_BLOCK_CAPTURE_AUTORELEASING = YES;
				CLANG_WARN_BOOL_CONVERSION = YES;
				CLANG_WARN_COMMA = YES;
				CLANG_WARN_CONSTANT_CONVERSION = YES;
				CLANG_WARN_DEPRECATED_OBJC_IMPLEMENTATIONS = YES;
				CLANG_WARN_DIRECT_OBJC_ISA_USAGE = YES_ERROR;
				CLANG_WARN_DOCUMENTATION_COMMENTS = YES;
				CLANG_WARN_EMPTY_BODY = YES;
				CLANG_WARN_ENUM_CONVERSION = YES;
				CLANG_WARN_INFINITE_RECURSION = YES;
				CLANG_WARN_INT_CONVERSION = YES;
				CLANG_WARN_NON_LITERAL_NULL_CONVERSION = YES;
				CLANG_WARN_OBJC_IMPLICIT_RETAIN_SELF = YES;
				CLANG_WARN_OBJC_LITERAL_CONVERSION = YES;
				CLANG_WARN_OBJC_ROOT_CLASS = YES_ERROR;
				CLANG_WARN_QUOTED_INCLUDE_IN_FRAMEWORK_HEADER = YES;
				CLANG_WARN_RANGE_LOOP_ANALYSIS = YES;
				CLANG_WARN_STRICT_PROTOTYPES = YES;
				CLANG_WARN_SUSPICIOUS_MOVE = YES;
				CLANG_WARN_UNGUARDED_AVAILABILITY = YES_AGGRESSIVE;
				CLANG_WARN_UNREACHABLE_CODE = YES;
				CLANG_WARN__DUPLICATE_METHOD_MATCH = YES;
				COPY_PHASE_STRIP = NO;
				DEBUG_INFORMATION_FORMAT = dwarf;
				ENABLE_STRICT_OBJC_MSGSEND = YES;
				ENABLE_TESTABILITY = YES;
				ENABLE_USER_SCRIPT_SANDBOXING = YES;
				GCC_C_LANGUAGE_STANDARD = gnu17;
				GCC_DYNAMIC_NO_PIC = NO;
				GCC_NO_COMMON_BLOCKS = YES;
				GCC_OPTIMIZATION_LEVEL = 0;
				GCC_PREPROCESSOR_DEFINITIONS = (
					"DEBUG=1",
					"$(inherited)",
				);
				GCC_WARN_64_TO_32_BIT_CONVERSION = YES;
				GCC_WARN_ABOUT_RETURN_TYPE = YES_ERROR;
				GCC_WARN_UNDECLARED_SELECTOR = YES;
				GCC_WARN_UNINITIALIZED_AUTOS = YES_AGGRESSIVE;
				GCC_WARN_UNUSED_FUNCTION = YES;
				GCC_WARN_UNUSED_VARIABLE = YES;
				IPHONEOS_DEPLOYMENT_TARGET = 17.0;
				LOCALIZATION_PREFERS_STRING_CATALOGS = YES;
				MTL_ENABLE_DEBUG_INFO = INCLUDE_SOURCE;
				MTL_FAST_MATH = YES;
				ONLY_ACTIVE_ARCH = YES;
				SDKROOT = iphoneos;
				SWIFT_ACTIVE_COMPILATION_CONDITIONS = "DEBUG $(inherited)";
				SWIFT_OPTIMIZATION_LEVEL = "-Onone";
			};
			name = Debug;
		};
		D36AE0D92AEA7094000491E8 /* Release */ = {
			isa = XCBuildConfiguration;
			buildSettings = {
				ALWAYS_SEARCH_USER_PATHS = NO;
				ASSETCATALOG_COMPILER_GENERATE_SWIFT_ASSET_SYMBOL_EXTENSIONS = YES;
				CLANG_ANALYZER_NONNULL = YES;
				CLANG_ANALYZER_NUMBER_OBJECT_CONVERSION = YES_AGGRESSIVE;
				CLANG_CXX_LANGUAGE_STANDARD = "gnu++20";
				CLANG_ENABLE_MODULES = YES;
				CLANG_ENABLE_OBJC_ARC = YES;
				CLANG_ENABLE_OBJC_WEAK = YES;
				CLANG_WARN_BLOCK_CAPTURE_AUTORELEASING = YES;
				CLANG_WARN_BOOL_CONVERSION = YES;
				CLANG_WARN_COMMA = YES;
				CLANG_WARN_CONSTANT_CONVERSION = YES;
				CLANG_WARN_DEPRECATED_OBJC_IMPLEMENTATIONS = YES;
				CLANG_WARN_DIRECT_OBJC_ISA_USAGE = YES_ERROR;
				CLANG_WARN_DOCUMENTATION_COMMENTS = YES;
				CLANG_WARN_EMPTY_BODY = YES;
				CLANG_WARN_ENUM_CONVERSION = YES;
				CLANG_WARN_INFINITE_RECURSION = YES;
				CLANG_WARN_INT_CONVERSION = YES;
				CLANG_WARN_NON_LITERAL_NULL_CONVERSION = YES;
				CLANG_WARN_OBJC_IMPLICIT_RETAIN_SELF = YES;
				CLANG_WARN_OBJC_LITERAL_CONVERSION = YES;
				CLANG_WARN_OBJC_ROOT_CLASS = YES_ERROR;
				CLANG_WARN_QUOTED_INCLUDE_IN_FRAMEWORK_HEADER = YES;
				CLANG_WARN_RANGE_LOOP_ANALYSIS = YES;
				CLANG_WARN_STRICT_PROTOTYPES = YES;
				CLANG_WARN_SUSPICIOUS_MOVE = YES;
				CLANG_WARN_UNGUARDED_AVAILABILITY = YES_AGGRESSIVE;
				CLANG_WARN_UNREACHABLE_CODE = YES;
				CLANG_WARN__DUPLICATE_METHOD_MATCH = YES;
				COPY_PHASE_STRIP = NO;
				DEBUG_INFORMATION_FORMAT = "dwarf-with-dsym";
				ENABLE_NS_ASSERTIONS = NO;
				ENABLE_STRICT_OBJC_MSGSEND = YES;
				ENABLE_USER_SCRIPT_SANDBOXING = YES;
				GCC_C_LANGUAGE_STANDARD = gnu17;
				GCC_NO_COMMON_BLOCKS = YES;
				GCC_WARN_64_TO_32_BIT_CONVERSION = YES;
				GCC_WARN_ABOUT_RETURN_TYPE = YES_ERROR;
				GCC_WARN_UNDECLARED_SELECTOR = YES;
				GCC_WARN_UNINITIALIZED_AUTOS = YES_AGGRESSIVE;
				GCC_WARN_UNUSED_FUNCTION = YES;
				GCC_WARN_UNUSED_VARIABLE = YES;
				IPHONEOS_DEPLOYMENT_TARGET = 17.0;
				LOCALIZATION_PREFERS_STRING_CATALOGS = YES;
				MTL_ENABLE_DEBUG_INFO = NO;
				MTL_FAST_MATH = YES;
				SDKROOT = iphoneos;
				SWIFT_COMPILATION_MODE = wholemodule;
				VALIDATE_PRODUCT = YES;
			};
			name = Release;
		};
		D36AE0DB2AEA7094000491E8 /* Debug */ = {
			isa = XCBuildConfiguration;
			buildSettings = {
				ASSETCATALOG_COMPILER_APPICON_NAME = AppIcon;
				ASSETCATALOG_COMPILER_GLOBAL_ACCENT_COLOR_NAME = AccentColor;
				CODE_SIGN_STYLE = Automatic;
				CURRENT_PROJECT_VERSION = 1;
				DEVELOPMENT_TEAM = 698WTL9S57;
				GENERATE_INFOPLIST_FILE = YES;
				INFOPLIST_FILE = LanguageApp/Info.plist;
				INFOPLIST_KEY_UIApplicationSupportsIndirectInputEvents = YES;
				INFOPLIST_KEY_UILaunchStoryboardName = LaunchScreen;
				INFOPLIST_KEY_UIMainStoryboardFile = "";
				INFOPLIST_KEY_UISupportedInterfaceOrientations_iPad = "UIInterfaceOrientationPortrait UIInterfaceOrientationPortraitUpsideDown UIInterfaceOrientationLandscapeLeft UIInterfaceOrientationLandscapeRight";
				INFOPLIST_KEY_UISupportedInterfaceOrientations_iPhone = "UIInterfaceOrientationPortrait UIInterfaceOrientationLandscapeLeft UIInterfaceOrientationLandscapeRight";
				LD_RUNPATH_SEARCH_PATHS = (
					"$(inherited)",
					"@executable_path/Frameworks",
				);
				MARKETING_VERSION = 1.0;
				PRODUCT_BUNDLE_IDENTIFIER = asudenisatiras.LanguageApp;
				PRODUCT_NAME = "$(TARGET_NAME)";
				SWIFT_EMIT_LOC_STRINGS = YES;
				SWIFT_VERSION = 5.0;
				TARGETED_DEVICE_FAMILY = "1,2";
			};
			name = Debug;
		};
		D36AE0DC2AEA7094000491E8 /* Release */ = {
			isa = XCBuildConfiguration;
			buildSettings = {
				ASSETCATALOG_COMPILER_APPICON_NAME = AppIcon;
				ASSETCATALOG_COMPILER_GLOBAL_ACCENT_COLOR_NAME = AccentColor;
				CODE_SIGN_STYLE = Automatic;
				CURRENT_PROJECT_VERSION = 1;
				DEVELOPMENT_TEAM = 698WTL9S57;
				GENERATE_INFOPLIST_FILE = YES;
				INFOPLIST_FILE = LanguageApp/Info.plist;
				INFOPLIST_KEY_UIApplicationSupportsIndirectInputEvents = YES;
				INFOPLIST_KEY_UILaunchStoryboardName = LaunchScreen;
				INFOPLIST_KEY_UIMainStoryboardFile = "";
				INFOPLIST_KEY_UISupportedInterfaceOrientations_iPad = "UIInterfaceOrientationPortrait UIInterfaceOrientationPortraitUpsideDown UIInterfaceOrientationLandscapeLeft UIInterfaceOrientationLandscapeRight";
				INFOPLIST_KEY_UISupportedInterfaceOrientations_iPhone = "UIInterfaceOrientationPortrait UIInterfaceOrientationLandscapeLeft UIInterfaceOrientationLandscapeRight";
				LD_RUNPATH_SEARCH_PATHS = (
					"$(inherited)",
					"@executable_path/Frameworks",
				);
				MARKETING_VERSION = 1.0;
				PRODUCT_BUNDLE_IDENTIFIER = asudenisatiras.LanguageApp;
				PRODUCT_NAME = "$(TARGET_NAME)";
				SWIFT_EMIT_LOC_STRINGS = YES;
				SWIFT_VERSION = 5.0;
				TARGETED_DEVICE_FAMILY = "1,2";
			};
			name = Release;
		};
		D36AE0DE2AEA7094000491E8 /* Debug */ = {
			isa = XCBuildConfiguration;
			buildSettings = {
				ALWAYS_EMBED_SWIFT_STANDARD_LIBRARIES = YES;
				BUNDLE_LOADER = "$(TEST_HOST)";
				CODE_SIGN_STYLE = Automatic;
				CURRENT_PROJECT_VERSION = 1;
				DEVELOPMENT_TEAM = 698WTL9S57;
				GENERATE_INFOPLIST_FILE = YES;
				IPHONEOS_DEPLOYMENT_TARGET = 17.0;
				MARKETING_VERSION = 1.0;
				PRODUCT_BUNDLE_IDENTIFIER = asudenisatiras.LanguageAppTests;
				PRODUCT_NAME = "$(TARGET_NAME)";
				SWIFT_EMIT_LOC_STRINGS = NO;
				SWIFT_VERSION = 5.0;
				TARGETED_DEVICE_FAMILY = "1,2";
				TEST_HOST = "$(BUILT_PRODUCTS_DIR)/LanguageApp.app/$(BUNDLE_EXECUTABLE_FOLDER_PATH)/LanguageApp";
			};
			name = Debug;
		};
		D36AE0DF2AEA7094000491E8 /* Release */ = {
			isa = XCBuildConfiguration;
			buildSettings = {
				ALWAYS_EMBED_SWIFT_STANDARD_LIBRARIES = YES;
				BUNDLE_LOADER = "$(TEST_HOST)";
				CODE_SIGN_STYLE = Automatic;
				CURRENT_PROJECT_VERSION = 1;
				DEVELOPMENT_TEAM = 698WTL9S57;
				GENERATE_INFOPLIST_FILE = YES;
				IPHONEOS_DEPLOYMENT_TARGET = 17.0;
				MARKETING_VERSION = 1.0;
				PRODUCT_BUNDLE_IDENTIFIER = asudenisatiras.LanguageAppTests;
				PRODUCT_NAME = "$(TARGET_NAME)";
				SWIFT_EMIT_LOC_STRINGS = NO;
				SWIFT_VERSION = 5.0;
				TARGETED_DEVICE_FAMILY = "1,2";
				TEST_HOST = "$(BUILT_PRODUCTS_DIR)/LanguageApp.app/$(BUNDLE_EXECUTABLE_FOLDER_PATH)/LanguageApp";
			};
			name = Release;
		};
		D36AE0E12AEA7094000491E8 /* Debug */ = {
			isa = XCBuildConfiguration;
			buildSettings = {
				ALWAYS_EMBED_SWIFT_STANDARD_LIBRARIES = YES;
				CODE_SIGN_STYLE = Automatic;
				CURRENT_PROJECT_VERSION = 1;
				DEVELOPMENT_TEAM = 698WTL9S57;
				GENERATE_INFOPLIST_FILE = YES;
				MARKETING_VERSION = 1.0;
				PRODUCT_BUNDLE_IDENTIFIER = asudenisatiras.LanguageAppUITests;
				PRODUCT_NAME = "$(TARGET_NAME)";
				SWIFT_EMIT_LOC_STRINGS = NO;
				SWIFT_VERSION = 5.0;
				TARGETED_DEVICE_FAMILY = "1,2";
				TEST_TARGET_NAME = LanguageApp;
			};
			name = Debug;
		};
		D36AE0E22AEA7094000491E8 /* Release */ = {
			isa = XCBuildConfiguration;
			buildSettings = {
				ALWAYS_EMBED_SWIFT_STANDARD_LIBRARIES = YES;
				CODE_SIGN_STYLE = Automatic;
				CURRENT_PROJECT_VERSION = 1;
				DEVELOPMENT_TEAM = 698WTL9S57;
				GENERATE_INFOPLIST_FILE = YES;
				MARKETING_VERSION = 1.0;
				PRODUCT_BUNDLE_IDENTIFIER = asudenisatiras.LanguageAppUITests;
				PRODUCT_NAME = "$(TARGET_NAME)";
				SWIFT_EMIT_LOC_STRINGS = NO;
				SWIFT_VERSION = 5.0;
				TARGETED_DEVICE_FAMILY = "1,2";
				TEST_TARGET_NAME = LanguageApp;
			};
			name = Release;
		};
/* End XCBuildConfiguration section */

/* Begin XCConfigurationList section */
		D36AE0A82AEA7093000491E8 /* Build configuration list for PBXProject "LanguageApp" */ = {
			isa = XCConfigurationList;
			buildConfigurations = (
				D36AE0D82AEA7094000491E8 /* Debug */,
				D36AE0D92AEA7094000491E8 /* Release */,
			);
			defaultConfigurationIsVisible = 0;
			defaultConfigurationName = Release;
		};
		D36AE0DA2AEA7094000491E8 /* Build configuration list for PBXNativeTarget "LanguageApp" */ = {
			isa = XCConfigurationList;
			buildConfigurations = (
				D36AE0DB2AEA7094000491E8 /* Debug */,
				D36AE0DC2AEA7094000491E8 /* Release */,
			);
			defaultConfigurationIsVisible = 0;
			defaultConfigurationName = Release;
		};
		D36AE0DD2AEA7094000491E8 /* Build configuration list for PBXNativeTarget "LanguageAppTests" */ = {
			isa = XCConfigurationList;
			buildConfigurations = (
				D36AE0DE2AEA7094000491E8 /* Debug */,
				D36AE0DF2AEA7094000491E8 /* Release */,
			);
			defaultConfigurationIsVisible = 0;
			defaultConfigurationName = Release;
		};
		D36AE0E02AEA7094000491E8 /* Build configuration list for PBXNativeTarget "LanguageAppUITests" */ = {
			isa = XCConfigurationList;
			buildConfigurations = (
				D36AE0E12AEA7094000491E8 /* Debug */,
				D36AE0E22AEA7094000491E8 /* Release */,
			);
			defaultConfigurationIsVisible = 0;
			defaultConfigurationName = Release;
		};
/* End XCConfigurationList section */

/* Begin XCVersionGroup section */
		D36AE0B92AEA7093000491E8 /* LanguageApp.xcdatamodeld */ = {
			isa = XCVersionGroup;
			children = (
				D36AE0BA2AEA7093000491E8 /* LanguageApp.xcdatamodel */,
			);
			currentVersion = D36AE0BA2AEA7093000491E8 /* LanguageApp.xcdatamodel */;
			path = LanguageApp.xcdatamodeld;
			sourceTree = "<group>";
			versionGroupType = wrapper.xcdatamodel;
		};
/* End XCVersionGroup section */
	};
	rootObject = D36AE0A52AEA7093000491E8 /* Project object */;
}
